// !$*UTF8*$!
{
	archiveVersion = 1;
	classes = {
	};
	objectVersion = 48;
	objects = {

/* Begin PBXBuildFile section */
		31026D731C0AB4CC00DBF415 /* PlusIcon.png in Resources */ = {isa = PBXBuildFile; fileRef = 31026D721C0AB4CC00DBF415 /* PlusIcon.png */; };
		310708E01DC070B200C05881 /* Human Head-48.png in Resources */ = {isa = PBXBuildFile; fileRef = 310708DF1DC070B200C05881 /* Human Head-48.png */; };
		310708E31DC0764B00C05881 /* Ninja Head-48.png in Resources */ = {isa = PBXBuildFile; fileRef = 310708E11DC0764B00C05881 /* Ninja Head-48.png */; };
		310708E41DC0764B00C05881 /* Spider-Man Head-48.png in Resources */ = {isa = PBXBuildFile; fileRef = 310708E21DC0764B00C05881 /* Spider-Man Head-48.png */; };
		310708E81DC0871F00C05881 /* backButton.png in Resources */ = {isa = PBXBuildFile; fileRef = 310708E71DC0871F00C05881 /* backButton.png */; };
		310708EA1DC088F300C05881 /* back 21.png in Resources */ = {isa = PBXBuildFile; fileRef = 310708E91DC088F300C05881 /* back 21.png */; };
		3125F6521DBEEE2E00690C8D /* SlideMenuViewController.swift in Sources */ = {isa = PBXBuildFile; fileRef = 3125F6511DBEEE2E00690C8D /* SlideMenuViewController.swift */; };
		313A07D91BB8EB3700889396 /* SettingsBlue.png in Resources */ = {isa = PBXBuildFile; fileRef = 313A07D81BB8EB3700889396 /* SettingsBlue.png */; };
		313A07DE1BB9086400889396 /* HomeIcon.png in Resources */ = {isa = PBXBuildFile; fileRef = 313A07DC1BB9086400889396 /* HomeIcon.png */; };
		313A07DF1BB9086400889396 /* HomeIcon2.png in Resources */ = {isa = PBXBuildFile; fileRef = 313A07DD1BB9086400889396 /* HomeIcon2.png */; };
		313A07E11BB9176800889396 /* settings icon 2.png in Resources */ = {isa = PBXBuildFile; fileRef = 313A07E01BB9176800889396 /* settings icon 2.png */; };
		313A07E31BB9191100889396 /* settings icon 3.png in Resources */ = {isa = PBXBuildFile; fileRef = 313A07E21BB9191100889396 /* settings icon 3.png */; };
		313A07E51BB91A3600889396 /* twitter_and_facebook.png in Resources */ = {isa = PBXBuildFile; fileRef = 313A07E41BB91A3600889396 /* twitter_and_facebook.png */; };
		313A07E71BB91CDA00889396 /* facebook_login.png in Resources */ = {isa = PBXBuildFile; fileRef = 313A07E61BB91CDA00889396 /* facebook_login.png */; };
		313A07EA1BB91D8000889396 /* facebook_logo.png in Resources */ = {isa = PBXBuildFile; fileRef = 313A07E81BB91D8000889396 /* facebook_logo.png */; };
		313A07EB1BB91D8000889396 /* twitter_logo.png in Resources */ = {isa = PBXBuildFile; fileRef = 313A07E91BB91D8000889396 /* twitter_logo.png */; };
		314150D31DBF2F360003E5AA /* TeamUpdatesViewController.swift in Sources */ = {isa = PBXBuildFile; fileRef = 314150D21DBF2F360003E5AA /* TeamUpdatesViewController.swift */; };
		314B9C1E1BC22CBA00DD7E2E /* ManageAccountsIcon.png in Resources */ = {isa = PBXBuildFile; fileRef = 314B9C1D1BC22CBA00DD7E2E /* ManageAccountsIcon.png */; };
		314B9C201BC22EEF00DD7E2E /* ManageTeamsIcon2.png in Resources */ = {isa = PBXBuildFile; fileRef = 314B9C1F1BC22EEF00DD7E2E /* ManageTeamsIcon2.png */; };
		315379851C1408730010F544 /* BluePlusIcon.png in Resources */ = {isa = PBXBuildFile; fileRef = 315379841C1408730010F544 /* BluePlusIcon.png */; };
		3177088E1BAE371500435A9A /* AppDelegate.swift in Sources */ = {isa = PBXBuildFile; fileRef = 3177088D1BAE371500435A9A /* AppDelegate.swift */; };
		317708931BAE371500435A9A /* Main.storyboard in Resources */ = {isa = PBXBuildFile; fileRef = 317708911BAE371500435A9A /* Main.storyboard */; };
		317708961BAE371500435A9A /* FootballNews.xcdatamodeld in Sources */ = {isa = PBXBuildFile; fileRef = 317708941BAE371500435A9A /* FootballNews.xcdatamodeld */; };
		317708981BAE371500435A9A /* Assets.xcassets in Resources */ = {isa = PBXBuildFile; fileRef = 317708971BAE371500435A9A /* Assets.xcassets */; };
		3177089B1BAE371500435A9A /* LaunchScreen.storyboard in Resources */ = {isa = PBXBuildFile; fileRef = 317708991BAE371500435A9A /* LaunchScreen.storyboard */; };
		3189091F1DBD9945004B7184 /* SWRevealViewController.m in Sources */ = {isa = PBXBuildFile; fileRef = 3189091E1DBD9945004B7184 /* SWRevealViewController.m */; };
		319B90551DB808A800D1E8B9 /* LaunchScreen.png in Resources */ = {isa = PBXBuildFile; fileRef = 319B90541DB808A800D1E8B9 /* LaunchScreen.png */; };
		319FD0361BC1085B00801B31 /* ManageTeamsViewController.swift in Sources */ = {isa = PBXBuildFile; fileRef = 319FD0351BC1085B00801B31 /* ManageTeamsViewController.swift */; };
		31AD77921BAE768000F77E48 /* SetupViewController.swift in Sources */ = {isa = PBXBuildFile; fileRef = 31AD77911BAE768000F77E48 /* SetupViewController.swift */; };
		31AD779B1BAE7E5500F77E48 /* LaunchScreenTrophy.png in Resources */ = {isa = PBXBuildFile; fileRef = 31AD779A1BAE7E5500F77E48 /* LaunchScreenTrophy.png */; };
		31AD77A31BAE835B00F77E48 /* LaunchScreenEPL.png in Resources */ = {isa = PBXBuildFile; fileRef = 31AD77A21BAE835B00F77E48 /* LaunchScreenEPL.png */; };
		31AD77A51BAE83F600F77E48 /* ChelseaTeamLogo.png in Resources */ = {isa = PBXBuildFile; fileRef = 31AD77A41BAE83F600F77E48 /* ChelseaTeamLogo.png */; };
		31AD77A71BAE852D00F77E48 /* LiverpoolTeamLogo.png in Resources */ = {isa = PBXBuildFile; fileRef = 31AD77A61BAE852D00F77E48 /* LiverpoolTeamLogo.png */; };
		31AE43F71DBF3CE4005F29A9 /* CreditsViewController.swift in Sources */ = {isa = PBXBuildFile; fileRef = 31AE43F61DBF3CE4005F29A9 /* CreditsViewController.swift */; };
		31C01AFD1BC0FCD2004DB934 /* MoreIcon3.png in Resources */ = {isa = PBXBuildFile; fileRef = 31C01AFC1BC0FCD2004DB934 /* MoreIcon3.png */; };
		31D2D8481DAF1E2800EA592C /* ViewTeamUpdatesViewController.swift in Sources */ = {isa = PBXBuildFile; fileRef = 31D2D8471DAF1E2800EA592C /* ViewTeamUpdatesViewController.swift */; };
		31DE3C131BF07246009BF7CF /* TeamAnSource+CoreDataProperties.swift in Sources */ = {isa = PBXBuildFile; fileRef = 31DE3C111BF07246009BF7CF /* TeamAnSource+CoreDataProperties.swift */; };
		31DE3C141BF07246009BF7CF /* TeamAndSource.swift in Sources */ = {isa = PBXBuildFile; fileRef = 31DE3C121BF07246009BF7CF /* TeamAndSource.swift */; };
		31DE3C171BF0766E009BF7CF /* SelectedTeamAndSource.swift in Sources */ = {isa = PBXBuildFile; fileRef = 31DE3C161BF0766E009BF7CF /* SelectedTeamAndSource.swift */; };
/* End PBXBuildFile section */

/* Begin PBXFileReference section */
		31026D721C0AB4CC00DBF415 /* PlusIcon.png */ = {isa = PBXFileReference; lastKnownFileType = image.png; path = PlusIcon.png; sourceTree = "<group>"; };
		310708DF1DC070B200C05881 /* Human Head-48.png */ = {isa = PBXFileReference; lastKnownFileType = image.png; path = "Human Head-48.png"; sourceTree = "<group>"; };
		310708E11DC0764B00C05881 /* Ninja Head-48.png */ = {isa = PBXFileReference; lastKnownFileType = image.png; path = "Ninja Head-48.png"; sourceTree = "<group>"; };
		310708E21DC0764B00C05881 /* Spider-Man Head-48.png */ = {isa = PBXFileReference; lastKnownFileType = image.png; path = "Spider-Man Head-48.png"; sourceTree = "<group>"; };
		310708E71DC0871F00C05881 /* backButton.png */ = {isa = PBXFileReference; lastKnownFileType = image.png; path = backButton.png; sourceTree = "<group>"; };
		310708E91DC088F300C05881 /* back 21.png */ = {isa = PBXFileReference; lastKnownFileType = image.png; path = "back 21.png"; sourceTree = "<group>"; };
		3125F6511DBEEE2E00690C8D /* SlideMenuViewController.swift */ = {isa = PBXFileReference; fileEncoding = 4; lastKnownFileType = sourcecode.swift; path = SlideMenuViewController.swift; sourceTree = "<group>"; };
		313A07D81BB8EB3700889396 /* SettingsBlue.png */ = {isa = PBXFileReference; lastKnownFileType = image.png; path = SettingsBlue.png; sourceTree = "<group>"; };
		313A07DC1BB9086400889396 /* HomeIcon.png */ = {isa = PBXFileReference; lastKnownFileType = image.png; path = HomeIcon.png; sourceTree = "<group>"; };
		313A07DD1BB9086400889396 /* HomeIcon2.png */ = {isa = PBXFileReference; lastKnownFileType = image.png; path = HomeIcon2.png; sourceTree = "<group>"; };
		313A07E01BB9176800889396 /* settings icon 2.png */ = {isa = PBXFileReference; lastKnownFileType = image.png; path = "settings icon 2.png"; sourceTree = "<group>"; };
		313A07E21BB9191100889396 /* settings icon 3.png */ = {isa = PBXFileReference; lastKnownFileType = image.png; path = "settings icon 3.png"; sourceTree = "<group>"; };
		313A07E41BB91A3600889396 /* twitter_and_facebook.png */ = {isa = PBXFileReference; lastKnownFileType = image.png; path = twitter_and_facebook.png; sourceTree = "<group>"; };
		313A07E61BB91CDA00889396 /* facebook_login.png */ = {isa = PBXFileReference; lastKnownFileType = image.png; path = facebook_login.png; sourceTree = "<group>"; };
		313A07E81BB91D8000889396 /* facebook_logo.png */ = {isa = PBXFileReference; lastKnownFileType = image.png; path = facebook_logo.png; sourceTree = "<group>"; };
		313A07E91BB91D8000889396 /* twitter_logo.png */ = {isa = PBXFileReference; lastKnownFileType = image.png; path = twitter_logo.png; sourceTree = "<group>"; };
		314150D21DBF2F360003E5AA /* TeamUpdatesViewController.swift */ = {isa = PBXFileReference; fileEncoding = 4; lastKnownFileType = sourcecode.swift; path = TeamUpdatesViewController.swift; sourceTree = "<group>"; };
		314B9C1D1BC22CBA00DD7E2E /* ManageAccountsIcon.png */ = {isa = PBXFileReference; lastKnownFileType = image.png; path = ManageAccountsIcon.png; sourceTree = "<group>"; };
		314B9C1F1BC22EEF00DD7E2E /* ManageTeamsIcon2.png */ = {isa = PBXFileReference; lastKnownFileType = image.png; path = ManageTeamsIcon2.png; sourceTree = "<group>"; };
		315379841C1408730010F544 /* BluePlusIcon.png */ = {isa = PBXFileReference; lastKnownFileType = image.png; path = BluePlusIcon.png; sourceTree = "<group>"; };
		3177088A1BAE371500435A9A /* FootballNews.app */ = {isa = PBXFileReference; explicitFileType = wrapper.application; includeInIndex = 0; path = FootballNews.app; sourceTree = BUILT_PRODUCTS_DIR; };
		3177088D1BAE371500435A9A /* AppDelegate.swift */ = {isa = PBXFileReference; lastKnownFileType = sourcecode.swift; path = AppDelegate.swift; sourceTree = "<group>"; };
		317708921BAE371500435A9A /* Base */ = {isa = PBXFileReference; lastKnownFileType = file.storyboard; name = Base; path = Base.lproj/Main.storyboard; sourceTree = "<group>"; };
		317708951BAE371500435A9A /* FootballNews.xcdatamodel */ = {isa = PBXFileReference; lastKnownFileType = wrapper.xcdatamodel; path = FootballNews.xcdatamodel; sourceTree = "<group>"; };
		317708971BAE371500435A9A /* Assets.xcassets */ = {isa = PBXFileReference; lastKnownFileType = folder.assetcatalog; path = Assets.xcassets; sourceTree = "<group>"; };
		3177089A1BAE371500435A9A /* Base */ = {isa = PBXFileReference; lastKnownFileType = file.storyboard; name = Base; path = Base.lproj/LaunchScreen.storyboard; sourceTree = "<group>"; };
		3177089C1BAE371500435A9A /* Info.plist */ = {isa = PBXFileReference; lastKnownFileType = text.plist.xml; path = Info.plist; sourceTree = "<group>"; };
		3189091C1DBD9944004B7184 /* FootballNews-Bridging-Header.h */ = {isa = PBXFileReference; lastKnownFileType = sourcecode.c.h; path = "FootballNews-Bridging-Header.h"; sourceTree = "<group>"; };
		3189091D1DBD9945004B7184 /* SWRevealViewController.h */ = {isa = PBXFileReference; fileEncoding = 4; lastKnownFileType = sourcecode.c.h; name = SWRevealViewController.h; path = SWRevealViewController/SWRevealViewController/SWRevealViewController.h; sourceTree = "<group>"; };
		3189091E1DBD9945004B7184 /* SWRevealViewController.m */ = {isa = PBXFileReference; fileEncoding = 4; lastKnownFileType = sourcecode.c.objc; name = SWRevealViewController.m; path = SWRevealViewController/SWRevealViewController/SWRevealViewController.m; sourceTree = "<group>"; };
		319B90541DB808A800D1E8B9 /* LaunchScreen.png */ = {isa = PBXFileReference; lastKnownFileType = image.png; path = LaunchScreen.png; sourceTree = "<group>"; };
		319FD0351BC1085B00801B31 /* ManageTeamsViewController.swift */ = {isa = PBXFileReference; fileEncoding = 4; lastKnownFileType = sourcecode.swift; name = ManageTeamsViewController.swift; path = ../ManageTeamsViewController.swift; sourceTree = "<group>"; };
		31AD77911BAE768000F77E48 /* SetupViewController.swift */ = {isa = PBXFileReference; fileEncoding = 4; lastKnownFileType = sourcecode.swift; path = SetupViewController.swift; sourceTree = "<group>"; };
		31AD779A1BAE7E5500F77E48 /* LaunchScreenTrophy.png */ = {isa = PBXFileReference; lastKnownFileType = image.png; path = LaunchScreenTrophy.png; sourceTree = "<group>"; };
		31AD77A21BAE835B00F77E48 /* LaunchScreenEPL.png */ = {isa = PBXFileReference; lastKnownFileType = image.png; path = LaunchScreenEPL.png; sourceTree = "<group>"; };
		31AD77A41BAE83F600F77E48 /* ChelseaTeamLogo.png */ = {isa = PBXFileReference; lastKnownFileType = image.png; path = ChelseaTeamLogo.png; sourceTree = "<group>"; };
		31AD77A61BAE852D00F77E48 /* LiverpoolTeamLogo.png */ = {isa = PBXFileReference; lastKnownFileType = image.png; path = LiverpoolTeamLogo.png; sourceTree = "<group>"; };
		31AE43F61DBF3CE4005F29A9 /* CreditsViewController.swift */ = {isa = PBXFileReference; fileEncoding = 4; lastKnownFileType = sourcecode.swift; path = CreditsViewController.swift; sourceTree = "<group>"; };
		31C01AFC1BC0FCD2004DB934 /* MoreIcon3.png */ = {isa = PBXFileReference; lastKnownFileType = image.png; path = MoreIcon3.png; sourceTree = "<group>"; };
		31D2D8471DAF1E2800EA592C /* ViewTeamUpdatesViewController.swift */ = {isa = PBXFileReference; fileEncoding = 4; lastKnownFileType = sourcecode.swift; path = ViewTeamUpdatesViewController.swift; sourceTree = "<group>"; };
		31DE3C111BF07246009BF7CF /* TeamAnSource+CoreDataProperties.swift */ = {isa = PBXFileReference; fileEncoding = 4; lastKnownFileType = sourcecode.swift; name = "TeamAnSource+CoreDataProperties.swift"; path = "../TeamAnSource+CoreDataProperties.swift"; sourceTree = "<group>"; };
		31DE3C121BF07246009BF7CF /* TeamAndSource.swift */ = {isa = PBXFileReference; fileEncoding = 4; lastKnownFileType = sourcecode.swift; name = TeamAndSource.swift; path = ../TeamAndSource.swift; sourceTree = "<group>"; };
		31DE3C161BF0766E009BF7CF /* SelectedTeamAndSource.swift */ = {isa = PBXFileReference; fileEncoding = 4; lastKnownFileType = sourcecode.swift; path = SelectedTeamAndSource.swift; sourceTree = "<group>"; };
/* End PBXFileReference section */

/* Begin PBXFrameworksBuildPhase section */
		317708871BAE371500435A9A /* Frameworks */ = {
			isa = PBXFrameworksBuildPhase;
			buildActionMask = 2147483647;
			files = (
			);
			runOnlyForDeploymentPostprocessing = 0;
		};
/* End PBXFrameworksBuildPhase section */

/* Begin PBXGroup section */
		317708811BAE371500435A9A = {
			isa = PBXGroup;
			children = (
				3177088C1BAE371500435A9A /* FootballNews */,
				3177088B1BAE371500435A9A /* Products */,
			);
			sourceTree = "<group>";
		};
		3177088B1BAE371500435A9A /* Products */ = {
			isa = PBXGroup;
			children = (
				3177088A1BAE371500435A9A /* FootballNews.app */,
			);
			name = Products;
			sourceTree = "<group>";
		};
		3177088C1BAE371500435A9A /* FootballNews */ = {
			isa = PBXGroup;
			children = (
				3189091B1DBD990F004B7184 /* SWRevealViewController */,
				31DE3C151BF07262009BF7CF /* CoreDataModel */,
				319FD0391BC10AC200801B31 /* ViewControllers */,
				31AD77971BAE7ABF00F77E48 /* Assets */,
				3177088D1BAE371500435A9A /* AppDelegate.swift */,
				317708911BAE371500435A9A /* Main.storyboard */,
				317708971BAE371500435A9A /* Assets.xcassets */,
				317708991BAE371500435A9A /* LaunchScreen.storyboard */,
				3177089C1BAE371500435A9A /* Info.plist */,
				317708941BAE371500435A9A /* FootballNews.xcdatamodeld */,
			);
			path = FootballNews;
			sourceTree = "<group>";
		};
		3189091B1DBD990F004B7184 /* SWRevealViewController */ = {
			isa = PBXGroup;
			children = (
				3189091D1DBD9945004B7184 /* SWRevealViewController.h */,
				3189091E1DBD9945004B7184 /* SWRevealViewController.m */,
				3189091C1DBD9944004B7184 /* FootballNews-Bridging-Header.h */,
			);
			name = SWRevealViewController;
			sourceTree = "<group>";
		};
		319FD0391BC10AC200801B31 /* ViewControllers */ = {
			isa = PBXGroup;
			children = (
				31AD77911BAE768000F77E48 /* SetupViewController.swift */,
				319FD0351BC1085B00801B31 /* ManageTeamsViewController.swift */,
				31D2D8471DAF1E2800EA592C /* ViewTeamUpdatesViewController.swift */,
				3125F6511DBEEE2E00690C8D /* SlideMenuViewController.swift */,
				314150D21DBF2F360003E5AA /* TeamUpdatesViewController.swift */,
				31AE43F61DBF3CE4005F29A9 /* CreditsViewController.swift */,
			);
			name = ViewControllers;
			sourceTree = "<group>";
		};
		31AD77971BAE7ABF00F77E48 /* Assets */ = {
			isa = PBXGroup;
			children = (
				310708E91DC088F300C05881 /* back 21.png */,
				310708E71DC0871F00C05881 /* backButton.png */,
				310708E11DC0764B00C05881 /* Ninja Head-48.png */,
				310708E21DC0764B00C05881 /* Spider-Man Head-48.png */,
				310708DF1DC070B200C05881 /* Human Head-48.png */,
				319B90541DB808A800D1E8B9 /* LaunchScreen.png */,
				315379841C1408730010F544 /* BluePlusIcon.png */,
				313A07DC1BB9086400889396 /* HomeIcon.png */,
				31026D721C0AB4CC00DBF415 /* PlusIcon.png */,
				313A07E01BB9176800889396 /* settings icon 2.png */,
				314B9C1F1BC22EEF00DD7E2E /* ManageTeamsIcon2.png */,
				314B9C1D1BC22CBA00DD7E2E /* ManageAccountsIcon.png */,
				313A07DD1BB9086400889396 /* HomeIcon2.png */,
				313A07E41BB91A3600889396 /* twitter_and_facebook.png */,
				313A07E21BB9191100889396 /* settings icon 3.png */,
				313A07E61BB91CDA00889396 /* facebook_login.png */,
				31C01AFC1BC0FCD2004DB934 /* MoreIcon3.png */,
				313A07D81BB8EB3700889396 /* SettingsBlue.png */,
				31AD77A61BAE852D00F77E48 /* LiverpoolTeamLogo.png */,
				313A07E81BB91D8000889396 /* facebook_logo.png */,
				313A07E91BB91D8000889396 /* twitter_logo.png */,
				31AD77A41BAE83F600F77E48 /* ChelseaTeamLogo.png */,
				31AD77A21BAE835B00F77E48 /* LaunchScreenEPL.png */,
				31AD779A1BAE7E5500F77E48 /* LaunchScreenTrophy.png */,
			);
			name = Assets;
			sourceTree = "<group>";
		};
		31DE3C151BF07262009BF7CF /* CoreDataModel */ = {
			isa = PBXGroup;
			children = (
				31DE3C111BF07246009BF7CF /* TeamAnSource+CoreDataProperties.swift */,
				31DE3C121BF07246009BF7CF /* TeamAndSource.swift */,
				31DE3C161BF0766E009BF7CF /* SelectedTeamAndSource.swift */,
			);
			name = CoreDataModel;
			sourceTree = "<group>";
		};
/* End PBXGroup section */

/* Begin PBXNativeTarget section */
		317708891BAE371500435A9A /* FootballNews */ = {
			isa = PBXNativeTarget;
			buildConfigurationList = 3177089F1BAE371500435A9A /* Build configuration list for PBXNativeTarget "FootballNews" */;
			buildPhases = (
				317708861BAE371500435A9A /* Sources */,
				317708871BAE371500435A9A /* Frameworks */,
				317708881BAE371500435A9A /* Resources */,
			);
			buildRules = (
			);
			dependencies = (
			);
			name = FootballNews;
			productName = FootballNews;
			productReference = 3177088A1BAE371500435A9A /* FootballNews.app */;
			productType = "com.apple.product-type.application";
		};
/* End PBXNativeTarget section */

/* Begin PBXProject section */
		317708821BAE371500435A9A /* Project object */ = {
			isa = PBXProject;
			attributes = {
				LastUpgradeCheck = 0800;
				ORGANIZATIONNAME = Ram;
				TargetAttributes = {
					317708891BAE371500435A9A = {
						CreatedOnToolsVersion = 7.0;
						DevelopmentTeam = 67B4FC7A84;
						LastSwiftMigration = 0800;
						SystemCapabilities = {
							com.apple.Maps.iOS = {
								enabled = 0;
							};
						};
					};
				};
			};
			buildConfigurationList = 317708851BAE371500435A9A /* Build configuration list for PBXProject "FootballNews" */;
			compatibilityVersion = "Xcode 8.0";
			developmentRegion = English;
			hasScannedForEncodings = 0;
			knownRegions = (
				en,
				Base,
			);
			mainGroup = 317708811BAE371500435A9A;
			productRefGroup = 3177088B1BAE371500435A9A /* Products */;
			projectDirPath = "";
			projectRoot = "";
			targets = (
				317708891BAE371500435A9A /* FootballNews */,
			);
		};
/* End PBXProject section */

/* Begin PBXResourcesBuildPhase section */
		317708881BAE371500435A9A /* Resources */ = {
			isa = PBXResourcesBuildPhase;
			buildActionMask = 2147483647;
			files = (
				313A07E11BB9176800889396 /* settings icon 2.png in Resources */,
				313A07DE1BB9086400889396 /* HomeIcon.png in Resources */,
				319B90551DB808A800D1E8B9 /* LaunchScreen.png in Resources */,
				314B9C1E1BC22CBA00DD7E2E /* ManageAccountsIcon.png in Resources */,
				3177089B1BAE371500435A9A /* LaunchScreen.storyboard in Resources */,
				314B9C201BC22EEF00DD7E2E /* ManageTeamsIcon2.png in Resources */,
				31AD779B1BAE7E5500F77E48 /* LaunchScreenTrophy.png in Resources */,
				31AD77A31BAE835B00F77E48 /* LaunchScreenEPL.png in Resources */,
				317708981BAE371500435A9A /* Assets.xcassets in Resources */,
				31026D731C0AB4CC00DBF415 /* PlusIcon.png in Resources */,
				313A07D91BB8EB3700889396 /* SettingsBlue.png in Resources */,
				313A07DF1BB9086400889396 /* HomeIcon2.png in Resources */,
				31AD77A51BAE83F600F77E48 /* ChelseaTeamLogo.png in Resources */,
				310708E41DC0764B00C05881 /* Spider-Man Head-48.png in Resources */,
				31C01AFD1BC0FCD2004DB934 /* MoreIcon3.png in Resources */,
				315379851C1408730010F544 /* BluePlusIcon.png in Resources */,
				313A07EA1BB91D8000889396 /* facebook_logo.png in Resources */,
				310708E01DC070B200C05881 /* Human Head-48.png in Resources */,
				313A07EB1BB91D8000889396 /* twitter_logo.png in Resources */,
				313A07E71BB91CDA00889396 /* facebook_login.png in Resources */,
				313A07E31BB9191100889396 /* settings icon 3.png in Resources */,
				313A07E51BB91A3600889396 /* twitter_and_facebook.png in Resources */,
				310708E81DC0871F00C05881 /* backButton.png in Resources */,
				317708931BAE371500435A9A /* Main.storyboard in Resources */,
				310708EA1DC088F300C05881 /* back 21.png in Resources */,
				31AD77A71BAE852D00F77E48 /* LiverpoolTeamLogo.png in Resources */,
				310708E31DC0764B00C05881 /* Ninja Head-48.png in Resources */,
			);
			runOnlyForDeploymentPostprocessing = 0;
		};
/* End PBXResourcesBuildPhase section */

/* Begin PBXSourcesBuildPhase section */
		317708861BAE371500435A9A /* Sources */ = {
			isa = PBXSourcesBuildPhase;
			buildActionMask = 2147483647;
			files = (
				3189091F1DBD9945004B7184 /* SWRevealViewController.m in Sources */,
				3125F6521DBEEE2E00690C8D /* SlideMenuViewController.swift in Sources */,
				31DE3C171BF0766E009BF7CF /* SelectedTeamAndSource.swift in Sources */,
				31AD77921BAE768000F77E48 /* SetupViewController.swift in Sources */,
				31DE3C141BF07246009BF7CF /* TeamAndSource.swift in Sources */,
				314150D31DBF2F360003E5AA /* TeamUpdatesViewController.swift in Sources */,
				31D2D8481DAF1E2800EA592C /* ViewTeamUpdatesViewController.swift in Sources */,
				31AE43F71DBF3CE4005F29A9 /* CreditsViewController.swift in Sources */,
				319FD0361BC1085B00801B31 /* ManageTeamsViewController.swift in Sources */,
				3177088E1BAE371500435A9A /* AppDelegate.swift in Sources */,
				317708961BAE371500435A9A /* FootballNews.xcdatamodeld in Sources */,
				31DE3C131BF07246009BF7CF /* TeamAnSource+CoreDataProperties.swift in Sources */,
			);
			runOnlyForDeploymentPostprocessing = 0;
		};
/* End PBXSourcesBuildPhase section */

/* Begin PBXVariantGroup section */
		317708911BAE371500435A9A /* Main.storyboard */ = {
			isa = PBXVariantGroup;
			children = (
				317708921BAE371500435A9A /* Base */,
			);
			name = Main.storyboard;
			sourceTree = "<group>";
		};
		317708991BAE371500435A9A /* LaunchScreen.storyboard */ = {
			isa = PBXVariantGroup;
			children = (
				3177089A1BAE371500435A9A /* Base */,
			);
			name = LaunchScreen.storyboard;
			sourceTree = "<group>";
		};
/* End PBXVariantGroup section */

/* Begin XCBuildConfiguration section */
		3177089D1BAE371500435A9A /* Debug */ = {
			isa = XCBuildConfiguration;
			buildSettings = {
				ALWAYS_SEARCH_USER_PATHS = NO;
				CLANG_CXX_LANGUAGE_STANDARD = "gnu++0x";
				CLANG_CXX_LIBRARY = "libc++";
				CLANG_ENABLE_MODULES = YES;
				CLANG_ENABLE_OBJC_ARC = YES;
				CLANG_WARN_BOOL_CONVERSION = YES;
				CLANG_WARN_CONSTANT_CONVERSION = YES;
				CLANG_WARN_DIRECT_OBJC_ISA_USAGE = YES_ERROR;
				CLANG_WARN_EMPTY_BODY = YES;
				CLANG_WARN_ENUM_CONVERSION = YES;
				CLANG_WARN_INFINITE_RECURSION = YES;
				CLANG_WARN_INT_CONVERSION = YES;
				CLANG_WARN_OBJC_ROOT_CLASS = YES_ERROR;
				CLANG_WARN_SUSPICIOUS_MOVE = YES;
				CLANG_WARN_UNREACHABLE_CODE = YES;
				CLANG_WARN__DUPLICATE_METHOD_MATCH = YES;
				"CODE_SIGN_IDENTITY[sdk=iphoneos*]" = "iPhone Developer";
				COPY_PHASE_STRIP = NO;
				DEBUG_INFORMATION_FORMAT = dwarf;
				ENABLE_STRICT_OBJC_MSGSEND = YES;
				ENABLE_TESTABILITY = YES;
				GCC_C_LANGUAGE_STANDARD = gnu99;
				GCC_DYNAMIC_NO_PIC = NO;
				GCC_NO_COMMON_BLOCKS = YES;
				GCC_OPTIMIZATION_LEVEL = 0;
				GCC_PREPROCESSOR_DEFINITIONS = (
					"DEBUG=1",
					"$(inherited)",
				);
				GCC_WARN_64_TO_32_BIT_CONVERSION = YES;
				GCC_WARN_ABOUT_RETURN_TYPE = YES_ERROR;
				GCC_WARN_UNDECLARED_SELECTOR = YES;
				GCC_WARN_UNINITIALIZED_AUTOS = YES_AGGRESSIVE;
				GCC_WARN_UNUSED_FUNCTION = YES;
				GCC_WARN_UNUSED_VARIABLE = YES;
				IPHONEOS_DEPLOYMENT_TARGET = 10.0;
				MTL_ENABLE_DEBUG_INFO = YES;
				ONLY_ACTIVE_ARCH = YES;
				SDKROOT = iphoneos;
				SWIFT_OPTIMIZATION_LEVEL = "-Onone";
				TARGETED_DEVICE_FAMILY = 2;
			};
			name = Debug;
		};
		3177089E1BAE371500435A9A /* Release */ = {
			isa = XCBuildConfiguration;
			buildSettings = {
				ALWAYS_SEARCH_USER_PATHS = NO;
				CLANG_CXX_LANGUAGE_STANDARD = "gnu++0x";
				CLANG_CXX_LIBRARY = "libc++";
				CLANG_ENABLE_MODULES = YES;
				CLANG_ENABLE_OBJC_ARC = YES;
				CLANG_WARN_BOOL_CONVERSION = YES;
				CLANG_WARN_CONSTANT_CONVERSION = YES;
				CLANG_WARN_DIRECT_OBJC_ISA_USAGE = YES_ERROR;
				CLANG_WARN_EMPTY_BODY = YES;
				CLANG_WARN_ENUM_CONVERSION = YES;
				CLANG_WARN_INFINITE_RECURSION = YES;
				CLANG_WARN_INT_CONVERSION = YES;
				CLANG_WARN_OBJC_ROOT_CLASS = YES_ERROR;
				CLANG_WARN_SUSPICIOUS_MOVE = YES;
				CLANG_WARN_UNREACHABLE_CODE = YES;
				CLANG_WARN__DUPLICATE_METHOD_MATCH = YES;
				"CODE_SIGN_IDENTITY[sdk=iphoneos*]" = "iPhone Developer";
				COPY_PHASE_STRIP = NO;
				DEBUG_INFORMATION_FORMAT = "dwarf-with-dsym";
				ENABLE_NS_ASSERTIONS = NO;
				ENABLE_STRICT_OBJC_MSGSEND = YES;
				GCC_C_LANGUAGE_STANDARD = gnu99;
				GCC_NO_COMMON_BLOCKS = YES;
				GCC_WARN_64_TO_32_BIT_CONVERSION = YES;
				GCC_WARN_ABOUT_RETURN_TYPE = YES_ERROR;
				GCC_WARN_UNDECLARED_SELECTOR = YES;
				GCC_WARN_UNINITIALIZED_AUTOS = YES_AGGRESSIVE;
				GCC_WARN_UNUSED_FUNCTION = YES;
				GCC_WARN_UNUSED_VARIABLE = YES;
				IPHONEOS_DEPLOYMENT_TARGET = 10.0;
				MTL_ENABLE_DEBUG_INFO = NO;
				SDKROOT = iphoneos;
				SWIFT_OPTIMIZATION_LEVEL = "-Owholemodule";
				TARGETED_DEVICE_FAMILY = 2;
				VALIDATE_PRODUCT = YES;
			};
			name = Release;
		};
		317708A01BAE371500435A9A /* Debug */ = {
			isa = XCBuildConfiguration;
			buildSettings = {
				ASSETCATALOG_COMPILER_APPICON_NAME = AppIcon;
				CLANG_ENABLE_MODULES = YES;
				CODE_SIGN_IDENTITY = "iPhone Developer";
				"CODE_SIGN_IDENTITY[sdk=iphoneos*]" = "iPhone Developer";
				INFOPLIST_FILE = FootballNews/Info.plist;
				IPHONEOS_DEPLOYMENT_TARGET = 8.0;
				LD_RUNPATH_SEARCH_PATHS = "$(inherited) @executable_path/Frameworks";
				PRODUCT_BUNDLE_IDENTIFIER = CIS321.FootballNews;
				PRODUCT_NAME = "$(TARGET_NAME)";
				PROVISIONING_PROFILE = "";
				SWIFT_OBJC_BRIDGING_HEADER = "FootballNews/FootballNews-Bridging-Header.h";
				SWIFT_OPTIMIZATION_LEVEL = "-Onone";
				SWIFT_VERSION = 3.0;
			};
			name = Debug;
		};
		317708A11BAE371500435A9A /* Release */ = {
			isa = XCBuildConfiguration;
			buildSettings = {
				ASSETCATALOG_COMPILER_APPICON_NAME = AppIcon;
				CLANG_ENABLE_MODULES = YES;
				CODE_SIGN_IDENTITY = "iPhone Developer";
				"CODE_SIGN_IDENTITY[sdk=iphoneos*]" = "iPhone Developer";
				INFOPLIST_FILE = FootballNews/Info.plist;
				IPHONEOS_DEPLOYMENT_TARGET = 8.0;
				LD_RUNPATH_SEARCH_PATHS = "$(inherited) @executable_path/Frameworks";
				PRODUCT_BUNDLE_IDENTIFIER = CIS321.FootballNews;
				PRODUCT_NAME = "$(TARGET_NAME)";
				PROVISIONING_PROFILE = "";
				SWIFT_OBJC_BRIDGING_HEADER = "FootballNews/FootballNews-Bridging-Header.h";
				SWIFT_VERSION = 3.0;
			};
			name = Release;
		};
/* End XCBuildConfiguration section */

/* Begin XCConfigurationList section */
		317708851BAE371500435A9A /* Build configuration list for PBXProject "FootballNews" */ = {
			isa = XCConfigurationList;
			buildConfigurations = (
				3177089D1BAE371500435A9A /* Debug */,
				3177089E1BAE371500435A9A /* Release */,
			);
			defaultConfigurationIsVisible = 0;
			defaultConfigurationName = Release;
		};
		3177089F1BAE371500435A9A /* Build configuration list for PBXNativeTarget "FootballNews" */ = {
			isa = XCConfigurationList;
			buildConfigurations = (
				317708A01BAE371500435A9A /* Debug */,
				317708A11BAE371500435A9A /* Release */,
			);
			defaultConfigurationIsVisible = 0;
			defaultConfigurationName = Release;
		};
/* End XCConfigurationList section */

/* Begin XCVersionGroup section */
		317708941BAE371500435A9A /* FootballNews.xcdatamodeld */ = {
			isa = XCVersionGroup;
			children = (
				317708951BAE371500435A9A /* FootballNews.xcdatamodel */,
			);
			currentVersion = 317708951BAE371500435A9A /* FootballNews.xcdatamodel */;
			path = FootballNews.xcdatamodeld;
			sourceTree = "<group>";
			versionGroupType = wrapper.xcdatamodel;
		};
/* End XCVersionGroup section */
	};
	rootObject = 317708821BAE371500435A9A /* Project object */;
}
